
Microsoft Visual Studio Solution File, Format Version 12.00
Project("{FAE04EC0-301F-11D3-BF4B-00C04F79EFBC}") = "Homework2.1", "Homework2.1\Homework2.1.csproj", "{ACC1006E-DBCC-4E12-BB30-91A02C6F6E6E}"
EndProject
Project("{FAE04EC0-301F-11D3-BF4B-00C04F79EFBC}") = "WEEK4HM1", "WEEK4HM1\WEEK4HM1.csproj", "{E9907350-7F33-4CC8-B622-951166141BA5}"
EndProject
Project("{FAE04EC0-301F-11D3-BF4B-00C04F79EFBC}") = "WEEK6", "WEEK6\WEEK6.csproj", "{1A372209-B963-411D-BC08-075BF03D01AB}"
EndProject
Project("{FAE04EC0-301F-11D3-BF4B-00C04F79EFBC}") = "Week9Hm2", "Week9Hm2\Week9Hm2.csproj", "{36BE293B-A1D5-456D-98EE-FF974A65AEA4}"
EndProject
Project("{FAE04EC0-301F-11D3-BF4B-00C04F79EFBC}") = "Week10Hm1", "Week10Hm1\Week10Hm1.csproj", "{81ED834F-B431-4B25-85F4-45C674A001D8}"
EndProject
Global
	GlobalSection(SolutionConfigurationPlatforms) = preSolution
		Debug|Any CPU = Debug|Any CPU
		Release|Any CPU = Release|Any CPU
	EndGlobalSection
	GlobalSection(ProjectConfigurationPlatforms) = postSolution
		{ACC1006E-DBCC-4E12-BB30-91A02C6F6E6E}.Debug|Any CPU.ActiveCfg = Debug|Any CPU
		{ACC1006E-DBCC-4E12-BB30-91A02C6F6E6E}.Debug|Any CPU.Build.0 = Debug|Any CPU
		{ACC1006E-DBCC-4E12-BB30-91A02C6F6E6E}.Release|Any CPU.ActiveCfg = Release|Any CPU
		{ACC1006E-DBCC-4E12-BB30-91A02C6F6E6E}.Release|Any CPU.Build.0 = Release|Any CPU
		{E9907350-7F33-4CC8-B622-951166141BA5}.Debug|Any CPU.ActiveCfg = Debug|Any CPU
		{E9907350-7F33-4CC8-B622-951166141BA5}.Debug|Any CPU.Build.0 = Debug|Any CPU
		{E9907350-7F33-4CC8-B622-951166141BA5}.Release|Any CPU.ActiveCfg = Release|Any CPU
		{E9907350-7F33-4CC8-B622-951166141BA5}.Release|Any CPU.Build.0 = Release|Any CPU
		{1A372209-B963-411D-BC08-075BF03D01AB}.Debug|Any CPU.ActiveCfg = Debug|Any CPU
		{1A372209-B963-411D-BC08-075BF03D01AB}.Debug|Any CPU.Build.0 = Debug|Any CPU
		{1A372209-B963-411D-BC08-075BF03D01AB}.Release|Any CPU.ActiveCfg = Release|Any CPU
		{1A372209-B963-411D-BC08-075BF03D01AB}.Release|Any CPU.Build.0 = Release|Any CPU
		{36BE293B-A1D5-456D-98EE-FF974A65AEA4}.Debug|Any CPU.ActiveCfg = Debug|Any CPU
		{36BE293B-A1D5-456D-98EE-FF974A65AEA4}.Debug|Any CPU.Build.0 = Debug|Any CPU
		{36BE293B-A1D5-456D-98EE-FF974A65AEA4}.Release|Any CPU.ActiveCfg = Release|Any CPU
		{36BE293B-A1D5-456D-98EE-FF974A65AEA4}.Release|Any CPU.Build.0 = Release|Any CPU
		{81ED834F-B431-4B25-85F4-45C674A001D8}.Debug|Any CPU.ActiveCfg = Debug|Any CPU
		{81ED834F-B431-4B25-85F4-45C674A001D8}.Debug|Any CPU.Build.0 = Debug|Any CPU
		{81ED834F-B431-4B25-85F4-45C674A001D8}.Release|Any CPU.ActiveCfg = Release|Any CPU
		{81ED834F-B431-4B25-85F4-45C674A001D8}.Release|Any CPU.Build.0 = Release|Any CPU
	EndGlobalSection
EndGlobal
